
Microsoft Visual Studio Solution File, Format Version 12.00
# Visual Studio 15
VisualStudioVersion = 15.0.28307.168
MinimumVisualStudioVersion = 10.0.40219.1
Project("{FAE04EC0-301F-11D3-BF4B-00C04F79EFBC}") = "StackProject", "StackProject\StackProject.csproj", "{62468346-F63C-4FCF-A975-57F34DD250AA}"
EndProject
Global
	GlobalSection(SolutionConfigurationPlatforms) = preSolution
		Debug|Any CPU = Debug|Any CPU
		Release|Any CPU = Release|Any CPU
	EndGlobalSection
	GlobalSection(ProjectConfigurationPlatforms) = postSolution
		{62468346-F63C-4FCF-A975-57F34DD250AA}.Debug|Any CPU.ActiveCfg = Debug|Any CPU
		{62468346-F63C-4FCF-A975-57F34DD250AA}.Debug|Any CPU.Build.0 = Debug|Any CPU
		{62468346-F63C-4FCF-A975-57F34DD250AA}.Release|Any CPU.ActiveCfg = Release|Any CPU
		{62468346-F63C-4FCF-A975-57F34DD250AA}.Release|Any CPU.Build.0 = Release|Any CPU
	EndGlobalSection
	GlobalSection(SolutionProperties) = preSolution
		HideSolutionNode = FALSE
	EndGlobalSection
	GlobalSection(ExtensibilityGlobals) = postSolution
		SolutionGuid = {AC6D55DA-3333-4B09-97E6-02A4D249C040}
	EndGlobalSection
EndGlobal
